
Microsoft Visual Studio Solution File, Format Version 12.00
# Visual Studio 15
VisualStudioVersion = 15.0.27428.2037
MinimumVisualStudioVersion = 10.0.40219.1
Project("{FAE04EC0-301F-11D3-BF4B-00C04F79EFBC}") = "CatFactory.SqlServer", "CatFactory.SqlServer\CatFactory.SqlServer.csproj", "{48B98E6C-1DDE-4C71-88BD-800D6197FC6E}"
EndProject
Project("{FAE04EC0-301F-11D3-BF4B-00C04F79EFBC}") = "CatFactory.SqlServer.Tests", "CatFactory.SqlServer.Tests\CatFactory.SqlServer.Tests.csproj", "{6F7FAB05-ED8B-4C10-B3DA-A547D7EB2047}"
EndProject
Global
	GlobalSection(SolutionConfigurationPlatforms) = preSolution
		Debug|Any CPU = Debug|Any CPU
		Release|Any CPU = Release|Any CPU
	EndGlobalSection
	GlobalSection(ProjectConfigurationPlatforms) = postSolution
		{48B98E6C-1DDE-4C71-88BD-800D6197FC6E}.Debug|Any CPU.ActiveCfg = Debug|Any CPU
		{48B98E6C-1DDE-4C71-88BD-800D6197FC6E}.Debug|Any CPU.Build.0 = Debug|Any CPU
		{48B98E6C-1DDE-4C71-88BD-800D6197FC6E}.Release|Any CPU.ActiveCfg = Release|Any CPU
		{48B98E6C-1DDE-4C71-88BD-800D6197FC6E}.Release|Any CPU.Build.0 = Release|Any CPU
		{6F7FAB05-ED8B-4C10-B3DA-A547D7EB2047}.Debug|Any CPU.ActiveCfg = Debug|Any CPU
		{6F7FAB05-ED8B-4C10-B3DA-A547D7EB2047}.Debug|Any CPU.Build.0 = Debug|Any CPU
		{6F7FAB05-ED8B-4C10-B3DA-A547D7EB2047}.Release|Any CPU.ActiveCfg = Release|Any CPU
		{6F7FAB05-ED8B-4C10-B3DA-A547D7EB2047}.Release|Any CPU.Build.0 = Release|Any CPU
	EndGlobalSection
	GlobalSection(SolutionProperties) = preSolution
		HideSolutionNode = FALSE
	EndGlobalSection
	GlobalSection(ExtensibilityGlobals) = postSolution
		SolutionGuid = {DBED0DB0-3E45-4E15-A525-4032D0FF13D3}
	EndGlobalSection
EndGlobal
